// !$*UTF8*$!
{
	archiveVersion = 1;
	classes = {
	};
	objectVersion = 48;
	objects = {

/* Begin PBXBuildFile section */
		8414D63521CB1A54006A653C /* visitCell.m in Sources */ = {isa = PBXBuildFile; fileRef = 8414D63421CB1A54006A653C /* visitCell.m */; };
		84A490C81FB3AF9F009B7D73 /* iqUtility.m in Sources */ = {isa = PBXBuildFile; fileRef = 84A490C41FB3AF9E009B7D73 /* iqUtility.m */; };
		84A490C91FB3AF9F009B7D73 /* iqMetric.m in Sources */ = {isa = PBXBuildFile; fileRef = 84A490C51FB3AF9E009B7D73 /* iqMetric.m */; };
		84A490CA1FB3AF9F009B7D73 /* LC18.m in Sources */ = {isa = PBXBuildFile; fileRef = 84A490C71FB3AF9F009B7D73 /* LC18.m */; };
		84A490D01FB3BDE8009B7D73 /* locationCell.m in Sources */ = {isa = PBXBuildFile; fileRef = 84A490CF1FB3BDE8009B7D73 /* locationCell.m */; };
		84A4EBC91FA7FC270023D1B1 /* AppDelegate.m in Sources */ = {isa = PBXBuildFile; fileRef = 84A4EBC81FA7FC270023D1B1 /* AppDelegate.m */; };
		84A4EBCC1FA7FC270023D1B1 /* ViewController.m in Sources */ = {isa = PBXBuildFile; fileRef = 84A4EBCB1FA7FC270023D1B1 /* ViewController.m */; };
		84A4EBCF1FA7FC270023D1B1 /* Main.storyboard in Resources */ = {isa = PBXBuildFile; fileRef = 84A4EBCD1FA7FC270023D1B1 /* Main.storyboard */; };
		84A4EBD11FA7FC270023D1B1 /* Assets.xcassets in Resources */ = {isa = PBXBuildFile; fileRef = 84A4EBD01FA7FC270023D1B1 /* Assets.xcassets */; };
		84A4EBD41FA7FC270023D1B1 /* LaunchScreen.storyboard in Resources */ = {isa = PBXBuildFile; fileRef = 84A4EBD21FA7FC270023D1B1 /* LaunchScreen.storyboard */; };
		84A4EBD71FA7FC270023D1B1 /* main.m in Sources */ = {isa = PBXBuildFile; fileRef = 84A4EBD61FA7FC270023D1B1 /* main.m */; };
		84A4EBDF1FA7FC440023D1B1 /* NSMutableData+PackageSerializer.m in Sources */ = {isa = PBXBuildFile; fileRef = 84A4EBDE1FA7FC440023D1B1 /* NSMutableData+PackageSerializer.m */; };
		B17685BD3FD034A2AF0DAA83 /* Pods_WhereAmI.framework in Frameworks */ = {isa = PBXBuildFile; fileRef = 6EA73EB89BFD1B3B0CFE664D /* Pods_WhereAmI.framework */; };
/* End PBXBuildFile section */

/* Begin PBXFileReference section */
		2165E4F8E22B303F96352320 /* Pods-WhereAmI.release.xcconfig */ = {isa = PBXFileReference; includeInIndex = 1; lastKnownFileType = text.xcconfig; name = "Pods-WhereAmI.release.xcconfig"; path = "Pods/Target Support Files/Pods-WhereAmI/Pods-WhereAmI.release.xcconfig"; sourceTree = "<group>"; };
		6EA73EB89BFD1B3B0CFE664D /* Pods_WhereAmI.framework */ = {isa = PBXFileReference; explicitFileType = wrapper.framework; includeInIndex = 0; path = Pods_WhereAmI.framework; sourceTree = BUILT_PRODUCTS_DIR; };
		8414D63321CB1A3D006A653C /* visitCell.h */ = {isa = PBXFileReference; fileEncoding = 4; lastKnownFileType = sourcecode.c.h; path = visitCell.h; sourceTree = "<group>"; };
		8414D63421CB1A54006A653C /* visitCell.m */ = {isa = PBXFileReference; fileEncoding = 4; lastKnownFileType = sourcecode.c.objc; path = visitCell.m; sourceTree = "<group>"; };
		84A490C11FB3AF9E009B7D73 /* iqDefs.h */ = {isa = PBXFileReference; lastKnownFileType = sourcecode.c.h; path = iqDefs.h; sourceTree = "<group>"; };
		84A490C21FB3AF9E009B7D73 /* iqMetric.h */ = {isa = PBXFileReference; lastKnownFileType = sourcecode.c.h; path = iqMetric.h; sourceTree = "<group>"; };
		84A490C31FB3AF9E009B7D73 /* LC18.h */ = {isa = PBXFileReference; lastKnownFileType = sourcecode.c.h; path = LC18.h; sourceTree = "<group>"; };
		84A490C41FB3AF9E009B7D73 /* iqUtility.m */ = {isa = PBXFileReference; lastKnownFileType = sourcecode.c.objc; path = iqUtility.m; sourceTree = "<group>"; };
		84A490C51FB3AF9E009B7D73 /* iqMetric.m */ = {isa = PBXFileReference; lastKnownFileType = sourcecode.c.objc; path = iqMetric.m; sourceTree = "<group>"; };
		84A490C61FB3AF9E009B7D73 /* iqUtility.h */ = {isa = PBXFileReference; lastKnownFileType = sourcecode.c.h; path = iqUtility.h; sourceTree = "<group>"; };
		84A490C71FB3AF9F009B7D73 /* LC18.m */ = {isa = PBXFileReference; lastKnownFileType = sourcecode.c.objc; path = LC18.m; sourceTree = "<group>"; };
		84A490CE1FB3BDE8009B7D73 /* locationCell.h */ = {isa = PBXFileReference; lastKnownFileType = sourcecode.c.h; path = locationCell.h; sourceTree = "<group>"; };
		84A490CF1FB3BDE8009B7D73 /* locationCell.m */ = {isa = PBXFileReference; lastKnownFileType = sourcecode.c.objc; path = locationCell.m; sourceTree = "<group>"; };
		84A4EBC41FA7FC270023D1B1 /* WhereAmI.app */ = {isa = PBXFileReference; explicitFileType = wrapper.application; includeInIndex = 0; path = WhereAmI.app; sourceTree = BUILT_PRODUCTS_DIR; };
		84A4EBC71FA7FC270023D1B1 /* AppDelegate.h */ = {isa = PBXFileReference; lastKnownFileType = sourcecode.c.h; path = AppDelegate.h; sourceTree = "<group>"; };
		84A4EBC81FA7FC270023D1B1 /* AppDelegate.m */ = {isa = PBXFileReference; lastKnownFileType = sourcecode.c.objc; path = AppDelegate.m; sourceTree = "<group>"; };
		84A4EBCA1FA7FC270023D1B1 /* ViewController.h */ = {isa = PBXFileReference; lastKnownFileType = sourcecode.c.h; path = ViewController.h; sourceTree = "<group>"; };
		84A4EBCB1FA7FC270023D1B1 /* ViewController.m */ = {isa = PBXFileReference; lastKnownFileType = sourcecode.c.objc; path = ViewController.m; sourceTree = "<group>"; };
		84A4EBCE1FA7FC270023D1B1 /* Base */ = {isa = PBXFileReference; lastKnownFileType = file.storyboard; name = Base; path = Base.lproj/Main.storyboard; sourceTree = "<group>"; };
		84A4EBD01FA7FC270023D1B1 /* Assets.xcassets */ = {isa = PBXFileReference; lastKnownFileType = folder.assetcatalog; path = Assets.xcassets; sourceTree = "<group>"; };
		84A4EBD31FA7FC270023D1B1 /* Base */ = {isa = PBXFileReference; lastKnownFileType = file.storyboard; name = Base; path = Base.lproj/LaunchScreen.storyboard; sourceTree = "<group>"; };
		84A4EBD51FA7FC270023D1B1 /* Info.plist */ = {isa = PBXFileReference; lastKnownFileType = text.plist.xml; path = Info.plist; sourceTree = "<group>"; };
		84A4EBD61FA7FC270023D1B1 /* main.m */ = {isa = PBXFileReference; lastKnownFileType = sourcecode.c.objc; path = main.m; sourceTree = "<group>"; };
		84A4EBDD1FA7FC440023D1B1 /* NSMutableData+PackageSerializer.h */ = {isa = PBXFileReference; lastKnownFileType = sourcecode.c.h; path = "NSMutableData+PackageSerializer.h"; sourceTree = "<group>"; };
		84A4EBDE1FA7FC440023D1B1 /* NSMutableData+PackageSerializer.m */ = {isa = PBXFileReference; lastKnownFileType = sourcecode.c.objc; path = "NSMutableData+PackageSerializer.m"; sourceTree = "<group>"; };
		A7DB2A307C002CFB0BB253D4 /* Pods-WhereAmI.debug.xcconfig */ = {isa = PBXFileReference; includeInIndex = 1; lastKnownFileType = text.xcconfig; name = "Pods-WhereAmI.debug.xcconfig"; path = "Pods/Target Support Files/Pods-WhereAmI/Pods-WhereAmI.debug.xcconfig"; sourceTree = "<group>"; };
/* End PBXFileReference section */

/* Begin PBXFrameworksBuildPhase section */
		84A4EBC11FA7FC270023D1B1 /* Frameworks */ = {
			isa = PBXFrameworksBuildPhase;
			buildActionMask = 2147483647;
			files = (
				B17685BD3FD034A2AF0DAA83 /* Pods_WhereAmI.framework in Frameworks */,
			);
			runOnlyForDeploymentPostprocessing = 0;
		};
/* End PBXFrameworksBuildPhase section */

/* Begin PBXGroup section */
		5125DC85850AFD5FCECA35C9 /* Pods */ = {
			isa = PBXGroup;
			children = (
				A7DB2A307C002CFB0BB253D4 /* Pods-WhereAmI.debug.xcconfig */,
				2165E4F8E22B303F96352320 /* Pods-WhereAmI.release.xcconfig */,
			);
			name = Pods;
			sourceTree = "<group>";
		};
		84A4EBBB1FA7FC270023D1B1 = {
			isa = PBXGroup;
			children = (
				84A4EBC61FA7FC270023D1B1 /* WhereAmI */,
				84A4EBC51FA7FC270023D1B1 /* Products */,
				5125DC85850AFD5FCECA35C9 /* Pods */,
				8AD1F92859B6F31D5C5F0A9D /* Frameworks */,
			);
			sourceTree = "<group>";
		};
		84A4EBC51FA7FC270023D1B1 /* Products */ = {
			isa = PBXGroup;
			children = (
				84A4EBC41FA7FC270023D1B1 /* WhereAmI.app */,
			);
			name = Products;
			sourceTree = "<group>";
		};
		84A4EBC61FA7FC270023D1B1 /* WhereAmI */ = {
			isa = PBXGroup;
			children = (
				84A4EBC71FA7FC270023D1B1 /* AppDelegate.h */,
				84A4EBC81FA7FC270023D1B1 /* AppDelegate.m */,
				84A490C11FB3AF9E009B7D73 /* iqDefs.h */,
				84A490C21FB3AF9E009B7D73 /* iqMetric.h */,
				84A490C51FB3AF9E009B7D73 /* iqMetric.m */,
				84A490C61FB3AF9E009B7D73 /* iqUtility.h */,
				84A490C41FB3AF9E009B7D73 /* iqUtility.m */,
				84A490C31FB3AF9E009B7D73 /* LC18.h */,
				84A490C71FB3AF9F009B7D73 /* LC18.m */,
				84A490CE1FB3BDE8009B7D73 /* locationCell.h */,
				84A490CF1FB3BDE8009B7D73 /* locationCell.m */,
				8414D63321CB1A3D006A653C /* visitCell.h */,
				8414D63421CB1A54006A653C /* visitCell.m */,
				84A4EBCA1FA7FC270023D1B1 /* ViewController.h */,
				84A4EBCB1FA7FC270023D1B1 /* ViewController.m */,
				84A4EBCD1FA7FC270023D1B1 /* Main.storyboard */,
				84A4EBD01FA7FC270023D1B1 /* Assets.xcassets */,
				84A4EBD21FA7FC270023D1B1 /* LaunchScreen.storyboard */,
				84A4EBD51FA7FC270023D1B1 /* Info.plist */,
				84A4EBD61FA7FC270023D1B1 /* main.m */,
				84A4EBDD1FA7FC440023D1B1 /* NSMutableData+PackageSerializer.h */,
				84A4EBDE1FA7FC440023D1B1 /* NSMutableData+PackageSerializer.m */,
			);
			path = WhereAmI;
			sourceTree = "<group>";
		};
		8AD1F92859B6F31D5C5F0A9D /* Frameworks */ = {
			isa = PBXGroup;
			children = (
				6EA73EB89BFD1B3B0CFE664D /* Pods_WhereAmI.framework */,
			);
			name = Frameworks;
			sourceTree = "<group>";
		};
/* End PBXGroup section */

/* Begin PBXNativeTarget section */
		84A4EBC31FA7FC270023D1B1 /* WhereAmI */ = {
			isa = PBXNativeTarget;
			buildConfigurationList = 84A4EBDA1FA7FC270023D1B1 /* Build configuration list for PBXNativeTarget "WhereAmI" */;
			buildPhases = (
				3EB26A19B02EBC4FDE41D6CC /* [CP] Check Pods Manifest.lock */,
				84A4EBC01FA7FC270023D1B1 /* Sources */,
				84A4EBC11FA7FC270023D1B1 /* Frameworks */,
				84A4EBC21FA7FC270023D1B1 /* Resources */,
				3CE4E9925854D0DB38031882 /* [CP] Embed Pods Frameworks */,
				8577B77C030AB65196A1DCCB /* [CP] Copy Pods Resources */,
			);
			buildRules = (
			);
			dependencies = (
			);
			name = WhereAmI;
			productName = WhereAmI;
			productReference = 84A4EBC41FA7FC270023D1B1 /* WhereAmI.app */;
			productType = "com.apple.product-type.application";
		};
/* End PBXNativeTarget section */

/* Begin PBXProject section */
		84A4EBBC1FA7FC270023D1B1 /* Project object */ = {
			isa = PBXProject;
			attributes = {
				LastUpgradeCheck = 0900;
				ORGANIZATIONNAME = "AT&T CDO";
				TargetAttributes = {
					84A4EBC31FA7FC270023D1B1 = {
						CreatedOnToolsVersion = 9.0;
						ProvisioningStyle = Automatic;
						SystemCapabilities = {
							com.apple.BackgroundModes = {
								enabled = 1;
							};
						};
					};
				};
			};
			buildConfigurationList = 84A4EBBF1FA7FC270023D1B1 /* Build configuration list for PBXProject "WhereAmI" */;
			compatibilityVersion = "Xcode 8.0";
			developmentRegion = en;
			hasScannedForEncodings = 0;
			knownRegions = (
				en,
				Base,
			);
			mainGroup = 84A4EBBB1FA7FC270023D1B1;
			productRefGroup = 84A4EBC51FA7FC270023D1B1 /* Products */;
			projectDirPath = "";
			projectRoot = "";
			targets = (
				84A4EBC31FA7FC270023D1B1 /* WhereAmI */,
			);
		};
/* End PBXProject section */

/* Begin PBXResourcesBuildPhase section */
		84A4EBC21FA7FC270023D1B1 /* Resources */ = {
			isa = PBXResourcesBuildPhase;
			buildActionMask = 2147483647;
			files = (
				84A4EBD41FA7FC270023D1B1 /* LaunchScreen.storyboard in Resources */,
				84A4EBD11FA7FC270023D1B1 /* Assets.xcassets in Resources */,
				84A4EBCF1FA7FC270023D1B1 /* Main.storyboard in Resources */,
			);
			runOnlyForDeploymentPostprocessing = 0;
		};
/* End PBXResourcesBuildPhase section */

/* Begin PBXShellScriptBuildPhase section */
		3CE4E9925854D0DB38031882 /* [CP] Embed Pods Frameworks */ = {
			isa = PBXShellScriptBuildPhase;
			buildActionMask = 2147483647;
			files = (
			);
			inputPaths = (
				"${SRCROOT}/Pods/Target Support Files/Pods-WhereAmI/Pods-WhereAmI-frameworks.sh",
				"${BUILT_PRODUCTS_DIR}/HockeySDK-Source/HockeySDK_Source.framework",
			);
			name = "[CP] Embed Pods Frameworks";
			outputPaths = (
				"${TARGET_BUILD_DIR}/${FRAMEWORKS_FOLDER_PATH}/HockeySDK_Source.framework",
			);
			runOnlyForDeploymentPostprocessing = 0;
			shellPath = /bin/sh;
			shellScript = "\"${SRCROOT}/Pods/Target Support Files/Pods-WhereAmI/Pods-WhereAmI-frameworks.sh\"\n";
			showEnvVarsInLog = 0;
		};
		3EB26A19B02EBC4FDE41D6CC /* [CP] Check Pods Manifest.lock */ = {
			isa = PBXShellScriptBuildPhase;
			buildActionMask = 2147483647;
			files = (
			);
			inputPaths = (
				"${PODS_PODFILE_DIR_PATH}/Podfile.lock",
				"${PODS_ROOT}/Manifest.lock",
			);
			name = "[CP] Check Pods Manifest.lock";
			outputPaths = (
				"$(DERIVED_FILE_DIR)/Pods-WhereAmI-checkManifestLockResult.txt",
			);
			runOnlyForDeploymentPostprocessing = 0;
			shellPath = /bin/sh;
			shellScript = "diff \"${PODS_PODFILE_DIR_PATH}/Podfile.lock\" \"${PODS_ROOT}/Manifest.lock\" > /dev/null\nif [ $? != 0 ] ; then\n    # print error to STDERR\n    echo \"error: The sandbox is not in sync with the Podfile.lock. Run 'pod install' or update your CocoaPods installation.\" >&2\n    exit 1\nfi\n# This output is used by Xcode 'outputs' to avoid re-running this script phase.\necho \"SUCCESS\" > \"${SCRIPT_OUTPUT_FILE_0}\"\n";
			showEnvVarsInLog = 0;
		};
		8577B77C030AB65196A1DCCB /* [CP] Copy Pods Resources */ = {
			isa = PBXShellScriptBuildPhase;
			buildActionMask = 2147483647;
			files = (
			);
			inputPaths = (
				"${SRCROOT}/Pods/Target Support Files/Pods-WhereAmI/Pods-WhereAmI-resources.sh",
				"${PODS_CONFIGURATION_BUILD_DIR}/HockeySDK/HockeySDKResources.bundle",
			);
			name = "[CP] Copy Pods Resources";
			outputPaths = (
				"${TARGET_BUILD_DIR}/${UNLOCALIZED_RESOURCES_FOLDER_PATH}/HockeySDKResources.bundle",
			);
			runOnlyForDeploymentPostprocessing = 0;
			shellPath = /bin/sh;
			shellScript = "\"${SRCROOT}/Pods/Target Support Files/Pods-WhereAmI/Pods-WhereAmI-resources.sh\"\n";
			showEnvVarsInLog = 0;
		};
/* End PBXShellScriptBuildPhase section */

/* Begin PBXSourcesBuildPhase section */
		84A4EBC01FA7FC270023D1B1 /* Sources */ = {
			isa = PBXSourcesBuildPhase;
			buildActionMask = 2147483647;
			files = (
				84A4EBCC1FA7FC270023D1B1 /* ViewController.m in Sources */,
				84A4EBD71FA7FC270023D1B1 /* main.m in Sources */,
				84A490D01FB3BDE8009B7D73 /* locationCell.m in Sources */,
				84A4EBDF1FA7FC440023D1B1 /* NSMutableData+PackageSerializer.m in Sources */,
				84A490C81FB3AF9F009B7D73 /* iqUtility.m in Sources */,
				8414D63521CB1A54006A653C /* visitCell.m in Sources */,
				84A490CA1FB3AF9F009B7D73 /* LC18.m in Sources */,
				84A4EBC91FA7FC270023D1B1 /* AppDelegate.m in Sources */,
				84A490C91FB3AF9F009B7D73 /* iqMetric.m in Sources */,
			);
			runOnlyForDeploymentPostprocessing = 0;
		};
/* End PBXSourcesBuildPhase section */

/* Begin PBXVariantGroup section */
		84A4EBCD1FA7FC270023D1B1 /* Main.storyboard */ = {
			isa = PBXVariantGroup;
			children = (
				84A4EBCE1FA7FC270023D1B1 /* Base */,
			);
			name = Main.storyboard;
			sourceTree = "<group>";
		};
		84A4EBD21FA7FC270023D1B1 /* LaunchScreen.storyboard */ = {
			isa = PBXVariantGroup;
			children = (
				84A4EBD31FA7FC270023D1B1 /* Base */,
			);
			name = LaunchScreen.storyboard;
			sourceTree = "<group>";
		};
/* End PBXVariantGroup section */

/* Begin XCBuildConfiguration section */
		84A4EBD81FA7FC270023D1B1 /* Debug */ = {
			isa = XCBuildConfiguration;
			buildSettings = {
				ALWAYS_SEARCH_USER_PATHS = NO;
				CLANG_ANALYZER_NONNULL = YES;
				CLANG_ANALYZER_NUMBER_OBJECT_CONVERSION = YES_AGGRESSIVE;
				CLANG_CXX_LANGUAGE_STANDARD = "gnu++14";
				CLANG_CXX_LIBRARY = "libc++";
				CLANG_ENABLE_MODULES = YES;
				CLANG_ENABLE_OBJC_ARC = YES;
				CLANG_WARN_BLOCK_CAPTURE_AUTORELEASING = YES;
				CLANG_WARN_BOOL_CONVERSION = YES;
				CLANG_WARN_COMMA = YES;
				CLANG_WARN_CONSTANT_CONVERSION = YES;
				CLANG_WARN_DIRECT_OBJC_ISA_USAGE = YES_ERROR;
				CLANG_WARN_DOCUMENTATION_COMMENTS = YES;
				CLANG_WARN_EMPTY_BODY = YES;
				CLANG_WARN_ENUM_CONVERSION = YES;
				CLANG_WARN_INFINITE_RECURSION = YES;
				CLANG_WARN_INT_CONVERSION = YES;
				CLANG_WARN_NON_LITERAL_NULL_CONVERSION = YES;
				CLANG_WARN_OBJC_LITERAL_CONVERSION = YES;
				CLANG_WARN_OBJC_ROOT_CLASS = YES_ERROR;
				CLANG_WARN_RANGE_LOOP_ANALYSIS = YES;
				CLANG_WARN_STRICT_PROTOTYPES = YES;
				CLANG_WARN_SUSPICIOUS_MOVE = YES;
				CLANG_WARN_UNGUARDED_AVAILABILITY = YES_AGGRESSIVE;
				CLANG_WARN_UNREACHABLE_CODE = YES;
				CLANG_WARN__DUPLICATE_METHOD_MATCH = YES;
				CODE_SIGN_IDENTITY = "iPhone Developer";
				COPY_PHASE_STRIP = NO;
				DEBUG_INFORMATION_FORMAT = dwarf;
				ENABLE_STRICT_OBJC_MSGSEND = YES;
				ENABLE_TESTABILITY = YES;
				GCC_C_LANGUAGE_STANDARD = gnu11;
				GCC_DYNAMIC_NO_PIC = NO;
				GCC_NO_COMMON_BLOCKS = YES;
				GCC_OPTIMIZATION_LEVEL = 0;
				GCC_PREPROCESSOR_DEFINITIONS = (
					"DEBUG=1",
					"$(inherited)",
				);
				GCC_WARN_64_TO_32_BIT_CONVERSION = YES;
				GCC_WARN_ABOUT_RETURN_TYPE = YES_ERROR;
				GCC_WARN_UNDECLARED_SELECTOR = YES;
				GCC_WARN_UNINITIALIZED_AUTOS = YES_AGGRESSIVE;
				GCC_WARN_UNUSED_FUNCTION = YES;
				GCC_WARN_UNUSED_VARIABLE = YES;
				IPHONEOS_DEPLOYMENT_TARGET = 11.0;
				MTL_ENABLE_DEBUG_INFO = YES;
				ONLY_ACTIVE_ARCH = YES;
				SDKROOT = iphoneos;
			};
			name = Debug;
		};
		84A4EBD91FA7FC270023D1B1 /* Release */ = {
			isa = XCBuildConfiguration;
			buildSettings = {
				ALWAYS_SEARCH_USER_PATHS = NO;
				CLANG_ANALYZER_NONNULL = YES;
				CLANG_ANALYZER_NUMBER_OBJECT_CONVERSION = YES_AGGRESSIVE;
				CLANG_CXX_LANGUAGE_STANDARD = "gnu++14";
				CLANG_CXX_LIBRARY = "libc++";
				CLANG_ENABLE_MODULES = YES;
				CLANG_ENABLE_OBJC_ARC = YES;
				CLANG_WARN_BLOCK_CAPTURE_AUTORELEASING = YES;
				CLANG_WARN_BOOL_CONVERSION = YES;
				CLANG_WARN_COMMA = YES;
				CLANG_WARN_CONSTANT_CONVERSION = YES;
				CLANG_WARN_DIRECT_OBJC_ISA_USAGE = YES_ERROR;
				CLANG_WARN_DOCUMENTATION_COMMENTS = YES;
				CLANG_WARN_EMPTY_BODY = YES;
				CLANG_WARN_ENUM_CONVERSION = YES;
				CLANG_WARN_INFINITE_RECURSION = YES;
				CLANG_WARN_INT_CONVERSION = YES;
				CLANG_WARN_NON_LITERAL_NULL_CONVERSION = YES;
				CLANG_WARN_OBJC_LITERAL_CONVERSION = YES;
				CLANG_WARN_OBJC_ROOT_CLASS = YES_ERROR;
				CLANG_WARN_RANGE_LOOP_ANALYSIS = YES;
				CLANG_WARN_STRICT_PROTOTYPES = YES;
				CLANG_WARN_SUSPICIOUS_MOVE = YES;
				CLANG_WARN_UNGUARDED_AVAILABILITY = YES_AGGRESSIVE;
				CLANG_WARN_UNREACHABLE_CODE = YES;
				CLANG_WARN__DUPLICATE_METHOD_MATCH = YES;
				CODE_SIGN_IDENTITY = "iPhone Developer";
				COPY_PHASE_STRIP = NO;
				DEBUG_INFORMATION_FORMAT = "dwarf-with-dsym";
				ENABLE_NS_ASSERTIONS = NO;
				ENABLE_STRICT_OBJC_MSGSEND = YES;
				GCC_C_LANGUAGE_STANDARD = gnu11;
				GCC_NO_COMMON_BLOCKS = YES;
				GCC_WARN_64_TO_32_BIT_CONVERSION = YES;
				GCC_WARN_ABOUT_RETURN_TYPE = YES_ERROR;
				GCC_WARN_UNDECLARED_SELECTOR = YES;
				GCC_WARN_UNINITIALIZED_AUTOS = YES_AGGRESSIVE;
				GCC_WARN_UNUSED_FUNCTION = YES;
				GCC_WARN_UNUSED_VARIABLE = YES;
				IPHONEOS_DEPLOYMENT_TARGET = 11.0;
				MTL_ENABLE_DEBUG_INFO = NO;
				SDKROOT = iphoneos;
				VALIDATE_PRODUCT = YES;
			};
			name = Release;
		};
		84A4EBDB1FA7FC270023D1B1 /* Debug */ = {
			isa = XCBuildConfiguration;
			baseConfigurationReference = A7DB2A307C002CFB0BB253D4 /* Pods-WhereAmI.debug.xcconfig */;
			buildSettings = {
				ASSETCATALOG_COMPILER_APPICON_NAME = AppIcon;
				CODE_SIGN_STYLE = Automatic;
				DEVELOPMENT_TEAM = 896W7TURJY;
				INFOPLIST_FILE = WhereAmI/Info.plist;
				IPHONEOS_DEPLOYMENT_TARGET = 10.0;
				LD_RUNPATH_SEARCH_PATHS = "$(inherited) @executable_path/Frameworks";
				PRODUCT_BUNDLE_IDENTIFIER = com.iqi.mobile.WhereAmI;
				PRODUCT_NAME = "$(TARGET_NAME)";
				TARGETED_DEVICE_FAMILY = "1,2";
			};
			name = Debug;
		};
		84A4EBDC1FA7FC270023D1B1 /* Release */ = {
			isa = XCBuildConfiguration;
			baseConfigurationReference = 2165E4F8E22B303F96352320 /* Pods-WhereAmI.release.xcconfig */;
			buildSettings = {
				ASSETCATALOG_COMPILER_APPICON_NAME = AppIcon;
				CODE_SIGN_STYLE = Automatic;
				DEVELOPMENT_TEAM = 896W7TURJY;
				INFOPLIST_FILE = WhereAmI/Info.plist;
				IPHONEOS_DEPLOYMENT_TARGET = 10.0;
				LD_RUNPATH_SEARCH_PATHS = "$(inherited) @executable_path/Frameworks";
				PRODUCT_BUNDLE_IDENTIFIER = com.iqi.mobile.WhereAmI;
				PRODUCT_NAME = "$(TARGET_NAME)";
				TARGETED_DEVICE_FAMILY = "1,2";
			};
			name = Release;
		};
/* End XCBuildConfiguration section */

/* Begin XCConfigurationList section */
		84A4EBBF1FA7FC270023D1B1 /* Build configuration list for PBXProject "WhereAmI" */ = {
			isa = XCConfigurationList;
			buildConfigurations = (
				84A4EBD81FA7FC270023D1B1 /* Debug */,
				84A4EBD91FA7FC270023D1B1 /* Release */,
			);
			defaultConfigurationIsVisible = 0;
			defaultConfigurationName = Release;
		};
		84A4EBDA1FA7FC270023D1B1 /* Build configuration list for PBXNativeTarget "WhereAmI" */ = {
			isa = XCConfigurationList;
			buildConfigurations = (
				84A4EBDB1FA7FC270023D1B1 /* Debug */,
				84A4EBDC1FA7FC270023D1B1 /* Release */,
			);
			defaultConfigurationIsVisible = 0;
			defaultConfigurationName = Release;
		};
/* End XCConfigurationList section */
	};
	rootObject = 84A4EBBC1FA7FC270023D1B1 /* Project object */;
}
